{
  "version": 4,
  "terraform_version": "1.6.6",
  "serial": 11,
  "lineage": "98ab770b-2bf1-06eb-166b-afda393091d3",
  "outputs": {},
  "resources": [
    {
      "module": "module.firewall",
      "mode": "managed",
      "type": "google_compute_firewall",
      "name": "postgres_rules",
      "provider": "provider[\"registry.terraform.io/hashicorp/google\"]",
      "instances": [
        {
          "schema_version": 1,
          "attributes": {
            "allow": [
              {
                "ports": [
                  "5432"
                ],
                "protocol": "tcp"
              }
            ],
            "creation_timestamp": "2025-08-02T12:47:39.353-07:00",
            "deny": [],
            "description": "Creates firewall rule for postgres",
            "destination_ranges": [],
            "direction": "INGRESS",
            "disabled": false,
            "enable_logging": null,
            "id": "projects/deep-chimera-467216-u3/global/firewalls/allow-http",
            "log_config": [],
            "name": "allow-http",
            "network": "https://www.googleapis.com/compute/v1/projects/deep-chimera-467216-u3/global/networks/default",
            "params": [],
            "priority": 1000,
            "project": "deep-chimera-467216-u3",
            "self_link": "https://www.googleapis.com/compute/v1/projects/deep-chimera-467216-u3/global/firewalls/allow-http",
            "source_ranges": [
              "0.0.0.0/0"
            ],
            "source_service_accounts": null,
            "source_tags": null,
            "target_service_accounts": null,
            "target_tags": null,
            "timeouts": null
          },
          "sensitive_attributes": [],
          "private": "eyJlMmJmYjczMC1lY2FhLTExZTYtOGY4OC0zNDM2M2JjN2M0YzAiOnsiY3JlYXRlIjoxMjAwMDAwMDAwMDAwLCJkZWxldGUiOjEyMDAwMDAwMDAwMDAsInVwZGF0ZSI6MTIwMDAwMDAwMDAwMH0sInNjaGVtYV92ZXJzaW9uIjoiMSJ9",
          "dependencies": [
            "module.network.data.google_compute_network.existing_vpc"
          ]
        }
      ]
    },
    {
      "module": "module.gcs",
      "mode": "managed",
      "type": "google_storage_bucket",
      "name": "static_site",
      "provider": "provider[\"registry.terraform.io/hashicorp/google\"]",
      "instances": [
        {
          "schema_version": 3,
          "attributes": {
            "autoclass": [],
            "cors": [],
            "custom_placement_config": [],
            "default_event_based_hold": false,
            "effective_labels": {
              "goog-terraform-provisioned": "true"
            },
            "enable_object_retention": false,
            "encryption": [],
            "force_destroy": false,
            "hierarchical_namespace": [
              {
                "enabled": false
              }
            ],
            "id": "terry-module-bucket",
            "ip_filter": [],
            "labels": null,
            "lifecycle_rule": [],
            "location": "US",
            "logging": [],
            "name": "terry-module-bucket",
            "project": "deep-chimera-467216-u3",
            "project_number": 945190110699,
            "public_access_prevention": "enforced",
            "requester_pays": false,
            "retention_policy": [],
            "rpo": "DEFAULT",
            "self_link": "https://www.googleapis.com/storage/v1/b/terry-module-bucket",
            "soft_delete_policy": [
              {
                "effective_time": "2025-08-02T19:47:40.015Z",
                "retention_duration_seconds": 604800
              }
            ],
            "storage_class": "STANDARD",
            "terraform_labels": {
              "goog-terraform-provisioned": "true"
            },
            "time_created": "2025-08-02T19:47:40.015Z",
            "timeouts": null,
            "uniform_bucket_level_access": true,
            "updated": "2025-08-02T19:47:40.015Z",
            "url": "gs://terry-module-bucket",
            "versioning": [
              {
                "enabled": true
              }
            ],
            "website": []
          },
          "sensitive_attributes": [],
          "private": "eyJlMmJmYjczMC1lY2FhLTExZTYtOGY4OC0zNDM2M2JjN2M0YzAiOnsiY3JlYXRlIjo2MDAwMDAwMDAwMDAsInJlYWQiOjI0MDAwMDAwMDAwMCwidXBkYXRlIjoyNDAwMDAwMDAwMDB9LCJzY2hlbWFfdmVyc2lvbiI6IjMifQ=="
        }
      ]
    },
    {
      "module": "module.network",
      "mode": "data",
      "type": "google_compute_network",
      "name": "existing_vpc",
      "provider": "provider[\"registry.terraform.io/hashicorp/google\"]",
      "instances": [
        {
          "schema_version": 0,
          "attributes": {
            "description": "Default network for the project",
            "gateway_ipv4": "",
            "id": "projects/deep-chimera-467216-u3/global/networks/default",
            "internal_ipv6_range": "",
            "name": "default",
            "network_id": 845528778438072080,
            "network_profile": "",
            "numeric_id": "845528778438072080",
            "project": "deep-chimera-467216-u3",
            "self_link": "https://www.googleapis.com/compute/v1/projects/deep-chimera-467216-u3/global/networks/default",
            "subnetworks_self_links": [
              "https://www.googleapis.com/compute/v1/projects/deep-chimera-467216-u3/regions/us-west2/subnetworks/default",
              "https://www.googleapis.com/compute/v1/projects/deep-chimera-467216-u3/regions/australia-southeast1/subnetworks/default",
              "https://www.googleapis.com/compute/v1/projects/deep-chimera-467216-u3/regions/asia-northeast1/subnetworks/default",
              "https://www.googleapis.com/compute/v1/projects/deep-chimera-467216-u3/regions/europe-central2/subnetworks/default",
              "https://www.googleapis.com/compute/v1/projects/deep-chimera-467216-u3/regions/europe-west1/subnetworks/default",
              "https://www.googleapis.com/compute/v1/projects/deep-chimera-467216-u3/regions/europe-west2/subnetworks/default",
              "https://www.googleapis.com/compute/v1/projects/deep-chimera-467216-u3/regions/asia-northeast2/subnetworks/default",
              "https://www.googleapis.com/compute/v1/projects/deep-chimera-467216-u3/regions/europe-north2/subnetworks/default",
              "https://www.googleapis.com/compute/v1/projects/deep-chimera-467216-u3/regions/europe-west6/subnetworks/default",
              "https://www.googleapis.com/compute/v1/projects/deep-chimera-467216-u3/regions/asia-east2/subnetworks/default",
              "https://www.googleapis.com/compute/v1/projects/deep-chimera-467216-u3/regions/us-west1/subnetworks/default",
              "https://www.googleapis.com/compute/v1/projects/deep-chimera-467216-u3/regions/asia-east1/subnetworks/default",
              "https://www.googleapis.com/compute/v1/projects/deep-chimera-467216-u3/regions/us-west4/subnetworks/default",
              "https://www.googleapis.com/compute/v1/projects/deep-chimera-467216-u3/regions/us-central1/subnetworks/default",
              "https://www.googleapis.com/compute/v1/projects/deep-chimera-467216-u3/regions/asia-southeast1/subnetworks/default",
              "https://www.googleapis.com/compute/v1/projects/deep-chimera-467216-u3/regions/asia-south1/subnetworks/default",
              "https://www.googleapis.com/compute/v1/projects/deep-chimera-467216-u3/regions/europe-west9/subnetworks/default",
              "https://www.googleapis.com/compute/v1/projects/deep-chimera-467216-u3/regions/europe-southwest1/subnetworks/default",
              "https://www.googleapis.com/compute/v1/projects/deep-chimera-467216-u3/regions/northamerica-south1/subnetworks/default",
              "https://www.googleapis.com/compute/v1/projects/deep-chimera-467216-u3/regions/me-west1/subnetworks/default",
              "https://www.googleapis.com/compute/v1/projects/deep-chimera-467216-u3/regions/northamerica-northeast2/subnetworks/default",
              "https://www.googleapis.com/compute/v1/projects/deep-chimera-467216-u3/regions/asia-northeast3/subnetworks/default",
              "https://www.googleapis.com/compute/v1/projects/deep-chimera-467216-u3/regions/asia-south2/subnetworks/default",
              "https://www.googleapis.com/compute/v1/projects/deep-chimera-467216-u3/regions/us-west3/subnetworks/default",
              "https://www.googleapis.com/compute/v1/projects/deep-chimera-467216-u3/regions/us-south1/subnetworks/default",
              "https://www.googleapis.com/compute/v1/projects/deep-chimera-467216-u3/regions/asia-southeast2/subnetworks/default",
              "https://www.googleapis.com/compute/v1/projects/deep-chimera-467216-u3/regions/southamerica-east1/subnetworks/default",
              "https://www.googleapis.com/compute/v1/projects/deep-chimera-467216-u3/regions/europe-north1/subnetworks/default",
              "https://www.googleapis.com/compute/v1/projects/deep-chimera-467216-u3/regions/us-east1/subnetworks/default",
              "https://www.googleapis.com/compute/v1/projects/deep-chimera-467216-u3/regions/europe-west3/subnetworks/default",
              "https://www.googleapis.com/compute/v1/projects/deep-chimera-467216-u3/regions/europe-west10/subnetworks/default",
              "https://www.googleapis.com/compute/v1/projects/deep-chimera-467216-u3/regions/africa-south1/subnetworks/default",
              "https://www.googleapis.com/compute/v1/projects/deep-chimera-467216-u3/regions/southamerica-west1/subnetworks/default",
              "https://www.googleapis.com/compute/v1/projects/deep-chimera-467216-u3/regions/europe-west8/subnetworks/default",
              "https://www.googleapis.com/compute/v1/projects/deep-chimera-467216-u3/regions/northamerica-northeast1/subnetworks/default",
              "https://www.googleapis.com/compute/v1/projects/deep-chimera-467216-u3/regions/us-east4/subnetworks/default",
              "https://www.googleapis.com/compute/v1/projects/deep-chimera-467216-u3/regions/me-central1/subnetworks/default",
              "https://www.googleapis.com/compute/v1/projects/deep-chimera-467216-u3/regions/europe-west12/subnetworks/default",
              "https://www.googleapis.com/compute/v1/projects/deep-chimera-467216-u3/regions/europe-west4/subnetworks/default",
              "https://www.googleapis.com/compute/v1/projects/deep-chimera-467216-u3/regions/australia-southeast2/subnetworks/default",
              "https://www.googleapis.com/compute/v1/projects/deep-chimera-467216-u3/regions/us-east5/subnetworks/default"
            ]
          },
          "sensitive_attributes": []
        }
      ]
    },
    {
      "module": "module.network",
      "mode": "data",
      "type": "google_compute_subnetwork",
      "name": "existing_subnet",
      "provider": "provider[\"registry.terraform.io/hashicorp/google\"]",
      "instances": [
        {
          "schema_version": 0,
          "attributes": {
            "description": "",
            "external_ipv6_prefix": "",
            "gateway_address": "10.142.0.1",
            "id": "projects/deep-chimera-467216-u3/regions/us-east1/subnetworks/default",
            "internal_ipv6_prefix": "",
            "ip_cidr_range": "10.142.0.0/20",
            "ipv6_access_type": "",
            "name": "default",
            "network": "https://www.googleapis.com/compute/v1/projects/deep-chimera-467216-u3/global/networks/default",
            "private_ip_google_access": false,
            "project": "deep-chimera-467216-u3",
            "region": "us-east1",
            "secondary_ip_range": [],
            "self_link": "https://www.googleapis.com/compute/v1/projects/deep-chimera-467216-u3/regions/us-east1/subnetworks/default",
            "stack_type": "IPV4_ONLY",
            "subnetwork_id": 1918722813719205096
          },
          "sensitive_attributes": []
        }
      ]
    },
    {
      "module": "module.secrets",
      "mode": "managed",
      "type": "google_secret_manager_secret",
      "name": "my_secret",
      "provider": "provider[\"registry.terraform.io/hashicorp/google\"]",
      "instances": [
        {
          "schema_version": 0,
          "attributes": {
            "annotations": null,
            "create_time": "2025-08-02T19:47:39.361676Z",
            "deletion_protection": false,
            "effective_annotations": {},
            "effective_labels": {
              "goog-terraform-provisioned": "true",
              "label": "my-label"
            },
            "expire_time": "",
            "id": "projects/deep-chimera-467216-u3/secrets/db1user",
            "labels": {
              "label": "my-label"
            },
            "name": "projects/945190110699/secrets/db1user",
            "project": "deep-chimera-467216-u3",
            "replication": [
              {
                "auto": [],
                "user_managed": [
                  {
                    "replicas": [
                      {
                        "customer_managed_encryption": [],
                        "location": "us-east1"
                      }
                    ]
                  }
                ]
              }
            ],
            "rotation": [],
            "secret_id": "db1user",
            "tags": null,
            "terraform_labels": {
              "goog-terraform-provisioned": "true",
              "label": "my-label"
            },
            "timeouts": null,
            "topics": [],
            "ttl": null,
            "version_aliases": null,
            "version_destroy_ttl": ""
          },
          "sensitive_attributes": [],
          "private": "eyJlMmJmYjczMC1lY2FhLTExZTYtOGY4OC0zNDM2M2JjN2M0YzAiOnsiY3JlYXRlIjoxMjAwMDAwMDAwMDAwLCJkZWxldGUiOjEyMDAwMDAwMDAwMDAsInVwZGF0ZSI6MTIwMDAwMDAwMDAwMH19"
        }
      ]
    },
    {
      "module": "module.secrets",
      "mode": "managed",
      "type": "google_secret_manager_secret_version",
      "name": "my_secret_version",
      "provider": "provider[\"registry.terraform.io/hashicorp/google\"]",
      "instances": [
        {
          "schema_version": 0,
          "attributes": {
            "create_time": "2025-08-02T19:47:40.188378Z",
            "deletion_policy": "DELETE",
            "destroy_time": "",
            "enabled": true,
            "id": "projects/945190110699/secrets/db1user/versions/1",
            "is_secret_data_base64": false,
            "name": "projects/945190110699/secrets/db1user/versions/1",
            "secret": "projects/deep-chimera-467216-u3/secrets/db1user",
            "secret_data": "8=f?OTl{VOBPbAtO",
            "secret_data_wo": null,
            "secret_data_wo_version": 0,
            "timeouts": null,
            "version": "1"
          },
          "sensitive_attributes": [
            [
              {
                "type": "get_attr",
                "value": "secret_data"
              }
            ]
          ],
          "private": "eyJlMmJmYjczMC1lY2FhLTExZTYtOGY4OC0zNDM2M2JjN2M0YzAiOnsiY3JlYXRlIjoxMjAwMDAwMDAwMDAwLCJkZWxldGUiOjEyMDAwMDAwMDAwMDAsInVwZGF0ZSI6MTIwMDAwMDAwMDAwMH19",
          "dependencies": [
            "module.secrets.google_secret_manager_secret.my_secret",
            "module.secrets.random_password.password"
          ]
        }
      ]
    },
    {
      "module": "module.secrets",
      "mode": "managed",
      "type": "random_password",
      "name": "password",
      "provider": "provider[\"registry.terraform.io/hashicorp/random\"]",
      "instances": [
        {
          "schema_version": 3,
          "attributes": {
            "bcrypt_hash": "$2a$10$GLGF0iGCin1Uwl0AOi.lNOH67Ui6LY3I5.8E3GQCOjvl5ggswDe/y",
            "id": "none",
            "keepers": null,
            "length": 16,
            "lower": true,
            "min_lower": 0,
            "min_numeric": 0,
            "min_special": 0,
            "min_upper": 0,
            "number": true,
            "numeric": true,
            "override_special": "!#$%\u0026*()-_=+[]{}\u003c\u003e:?",
            "result": "8=f?OTl{VOBPbAtO",
            "special": true,
            "upper": true
          },
          "sensitive_attributes": []
        }
      ]
    },
    {
      "module": "module.sql",
      "mode": "managed",
      "type": "google_sql_database",
      "name": "main_database",
      "provider": "provider[\"registry.terraform.io/hashicorp/google\"]",
      "instances": [
        {
          "index_key": "customer-db",
          "schema_version": 0,
          "attributes": {
            "charset": "UTF8",
            "collation": "en_US.UTF8",
            "deletion_policy": "DELETE",
            "id": "projects/deep-chimera-467216-u3/instances/terry-sql-module/databases/customer-db",
            "instance": "terry-sql-module",
            "name": "customer-db",
            "project": "deep-chimera-467216-u3",
            "self_link": "https://sqladmin.googleapis.com/sql/v1beta4/projects/deep-chimera-467216-u3/instances/terry-sql-module/databases/customer-db",
            "timeouts": null
          },
          "sensitive_attributes": [],
          "private": "eyJlMmJmYjczMC1lY2FhLTExZTYtOGY4OC0zNDM2M2JjN2M0YzAiOnsiY3JlYXRlIjoxMjAwMDAwMDAwMDAwLCJkZWxldGUiOjEyMDAwMDAwMDAwMDAsInVwZGF0ZSI6MTIwMDAwMDAwMDAwMH19",
          "dependencies": [
            "module.sql.google_sql_database_instance.instance"
          ]
        },
        {
          "index_key": "payment-db",
          "schema_version": 0,
          "attributes": {
            "charset": "UTF8",
            "collation": "en_US.UTF8",
            "deletion_policy": "DELETE",
            "id": "projects/deep-chimera-467216-u3/instances/terry-sql-module/databases/payment-db",
            "instance": "terry-sql-module",
            "name": "payment-db",
            "project": "deep-chimera-467216-u3",
            "self_link": "https://sqladmin.googleapis.com/sql/v1beta4/projects/deep-chimera-467216-u3/instances/terry-sql-module/databases/payment-db",
            "timeouts": null
          },
          "sensitive_attributes": [],
          "private": "eyJlMmJmYjczMC1lY2FhLTExZTYtOGY4OC0zNDM2M2JjN2M0YzAiOnsiY3JlYXRlIjoxMjAwMDAwMDAwMDAwLCJkZWxldGUiOjEyMDAwMDAwMDAwMDAsInVwZGF0ZSI6MTIwMDAwMDAwMDAwMH19",
          "dependencies": [
            "module.sql.google_sql_database_instance.instance"
          ]
        }
      ]
    },
    {
      "module": "module.sql",
      "mode": "managed",
      "type": "google_sql_database_instance",
      "name": "instance",
      "provider": "provider[\"registry.terraform.io/hashicorp/google\"]",
      "instances": [
        {
          "schema_version": 0,
          "attributes": {
            "available_maintenance_versions": [],
            "clone": [],
            "connection_name": "deep-chimera-467216-u3:us-east1:terry-sql-module",
            "database_version": "POSTGRES_14",
            "deletion_protection": false,
            "dns_name": "",
            "dns_names": [],
            "encryption_key_name": null,
            "first_ip_address": "35.185.122.40",
            "id": "terry-sql-module",
            "instance_type": "CLOUD_SQL_INSTANCE",
            "ip_address": [
              {
                "ip_address": "35.185.122.40",
                "time_to_retire": "",
                "type": "PRIMARY"
              },
              {
                "ip_address": "34.23.251.183",
                "time_to_retire": "",
                "type": "OUTGOING"
              }
            ],
            "maintenance_version": "POSTGRES_14_18.R20250302.00_31",
            "master_instance_name": "",
            "name": "terry-sql-module",
            "private_ip_address": "",
            "project": "deep-chimera-467216-u3",
            "psc_service_attachment_link": "",
            "public_ip_address": "35.185.122.40",
            "region": "us-east1",
            "replica_configuration": [],
            "replica_names": [],
            "replication_cluster": [
              {
                "dr_replica": false,
                "failover_dr_replica_name": ""
              }
            ],
            "restore_backup_context": [],
            "root_password": null,
            "self_link": "https://sqladmin.googleapis.com/sql/v1beta4/projects/deep-chimera-467216-u3/instances/terry-sql-module",
            "server_ca_cert": [
              {
                "cert": "-----BEGIN CERTIFICATE-----\nMIIDfzCCAmegAwIBAgIBADANBgkqhkiG9w0BAQsFADB3MS0wKwYDVQQuEyQ0YWM4\nNjJjZC02MWE5LTRkOWMtODM1NC1lM2FiZWJhNDNmOTIxIzAhBgNVBAMTGkdvb2ds\nZSBDbG91ZCBTUUwgU2VydmVyIENBMRQwEgYDVQQKEwtHb29nbGUsIEluYzELMAkG\nA1UEBhMCVVMwHhcNMjUwODAyMTk0NzIyWhcNMzUwNzMxMTk0ODIyWjB3MS0wKwYD\nVQQuEyQ0YWM4NjJjZC02MWE5LTRkOWMtODM1NC1lM2FiZWJhNDNmOTIxIzAhBgNV\nBAMTGkdvb2dsZSBDbG91ZCBTUUwgU2VydmVyIENBMRQwEgYDVQQKEwtHb29nbGUs\nIEluYzELMAkGA1UEBhMCVVMwggEiMA0GCSqGSIb3DQEBAQUAA4IBDwAwggEKAoIB\nAQDJAVZ7z1QUkFmZ0y8oqv0gvSIkHiIjOSce6iwEs/M6qgAd80o3lRGce+IWaRZ0\nnmB3Mh6FqG77v+sE4vS/DMr2hNWb8g6sTnuAy41UH4udJzMHXhvNfZE6T7Jf57pm\nq8Xtu3/sZaF+GtKFMT1Dbsk0sUGY1DuN1a6W34x2XZM90xL7NIWVCZCRWzJPSnfa\ndkxiZ6mNf8tTESzRv5uVTomysITz0pfoK9F7hNQ0Be80L1v1boru9y3wASFiud7Q\nNA/OLnX3+zHjz0zuH1+4PbRA3RM7RyxjdjwvJPPn5IdPXa18EklJjyRMwaQWaelC\n+h38px+PZgq1lTRcPtqxtGmbAgMBAAGjFjAUMBIGA1UdEwEB/wQIMAYBAf8CAQAw\nDQYJKoZIhvcNAQELBQADggEBAB8tM1vKStG3EVJgTFRudKc7VRAPOMeAYN9e/Fko\nVYtZHobsgdh7wRsYgeZrxV2oQADD3pHc5ZsmOcZfBiE7LfRTjbhHdeq6OFKrqxKO\nA88nAHbEdOzACZL9mLP1YJyQTC3ODv9WBRyxkH7MjZJDi71UV1LdZr/I0g0Ae8Mf\nt5ugvDzd0yv3arriuZyvtzyXpOiQpcBNmVlq2CijIjjevno2bWjeptn94HMHEVi+\n8cI0NUIROlr8IL2Bh6xn61SLVk8ZAipLJY74p/Mae2dOiyofWxPQuu6+ILng+02W\nBiWYjMbkL3pBSCgKNPB/W/kqItxVaTqeqiuvIdxVrPEdhDU=\n-----END CERTIFICATE-----",
                "common_name": "C=US,O=Google\\, Inc,CN=Google Cloud SQL Server CA,dnQualifier=4ac862cd-61a9-4d9c-8354-e3abeba43f92",
                "create_time": "2025-08-02T19:47:22.198Z",
                "expiration_time": "2035-07-31T19:48:22.198Z",
                "sha1_fingerprint": "fa08a8f669e219cc54afb127f9881f136d46e042"
              }
            ],
            "service_account_email_address": "p945190110699-xorn9j@gcp-sa-cloud-sql.iam.gserviceaccount.com",
            "settings": [
              {
                "activation_policy": "ALWAYS",
                "active_directory_config": [],
                "advanced_machine_features": [],
                "availability_type": "ZONAL",
                "backup_configuration": [
                  {
                    "backup_retention_settings": [
                      {
                        "retained_backups": 7,
                        "retention_unit": "COUNT"
                      }
                    ],
                    "binary_log_enabled": false,
                    "enabled": false,
                    "location": "",
                    "point_in_time_recovery_enabled": false,
                    "start_time": "09:00",
                    "transaction_log_retention_days": 7
                  }
                ],
                "collation": "",
                "connection_pool_config": [],
                "connector_enforcement": "NOT_REQUIRED",
                "data_cache_config": [
                  {
                    "data_cache_enabled": false
                  }
                ],
                "database_flags": [],
                "deletion_protection_enabled": false,
                "deny_maintenance_period": [],
                "disk_autoresize": true,
                "disk_autoresize_limit": 0,
                "disk_size": 10,
                "disk_type": "PD_SSD",
                "edition": "ENTERPRISE",
                "enable_dataplex_integration": false,
                "enable_google_ml_integration": false,
                "insights_config": [],
                "ip_configuration": [
                  {
                    "allocated_ip_range": "",
                    "authorized_networks": [],
                    "custom_subject_alternative_names": [],
                    "enable_private_path_for_google_cloud_services": false,
                    "ipv4_enabled": true,
                    "private_network": "",
                    "psc_config": [],
                    "server_ca_mode": "GOOGLE_MANAGED_INTERNAL_CA",
                    "server_ca_pool": "",
                    "ssl_mode": "ALLOW_UNENCRYPTED_AND_ENCRYPTED"
                  }
                ],
                "location_preference": [
                  {
                    "follow_gae_application": "",
                    "secondary_zone": "",
                    "zone": "us-east1-c"
                  }
                ],
                "maintenance_window": [],
                "password_validation_policy": [],
                "pricing_plan": "PER_USE",
                "retain_backups_on_delete": false,
                "sql_server_audit_config": [],
                "tier": "db-f1-micro",
                "time_zone": "",
                "user_labels": {},
                "version": 1
              }
            ],
            "timeouts": null
          },
          "sensitive_attributes": [],
          "private": "eyJlMmJmYjczMC1lY2FhLTExZTYtOGY4OC0zNDM2M2JjN2M0YzAiOnsiY3JlYXRlIjo1NDAwMDAwMDAwMDAwLCJkZWxldGUiOjU0MDAwMDAwMDAwMDAsInVwZGF0ZSI6NTQwMDAwMDAwMDAwMH19"
        }
      ]
    },
    {
      "module": "module.sql",
      "mode": "managed",
      "type": "google_sql_user",
      "name": "main_user",
      "provider": "provider[\"registry.terraform.io/hashicorp/google\"]",
      "instances": [
        {
          "schema_version": 1,
          "attributes": {
            "deletion_policy": null,
            "host": "",
            "id": "admin//terry-sql-module",
            "instance": "terry-sql-module",
            "name": "admin",
            "password": "8=f?OTl{VOBPbAtO",
            "password_policy": [],
            "password_wo": null,
            "password_wo_version": null,
            "project": "deep-chimera-467216-u3",
            "sql_server_user_details": [],
            "timeouts": null,
            "type": ""
          },
          "sensitive_attributes": [
            [
              {
                "type": "get_attr",
                "value": "password"
              }
            ]
          ],
          "private": "eyJlMmJmYjczMC1lY2FhLTExZTYtOGY4OC0zNDM2M2JjN2M0YzAiOnsiY3JlYXRlIjo2MDAwMDAwMDAwMDAsImRlbGV0ZSI6NjAwMDAwMDAwMDAwLCJ1cGRhdGUiOjYwMDAwMDAwMDAwMH0sInNjaGVtYV92ZXJzaW9uIjoiMSJ9",
          "dependencies": [
            "module.secrets.random_password.password",
            "module.sql.google_sql_database_instance.instance"
          ]
        }
      ]
    },
    {
      "module": "module.vm",
      "mode": "managed",
      "type": "google_compute_instance",
      "name": "default",
      "provider": "provider[\"registry.terraform.io/hashicorp/google\"]",
      "instances": [
        {
          "schema_version": 6,
          "attributes": {
            "advanced_machine_features": [],
            "allow_stopping_for_update": null,
            "attached_disk": [],
            "boot_disk": [
              {
                "auto_delete": true,
                "device_name": "persistent-disk-0",
                "disk_encryption_key_raw": "",
                "disk_encryption_key_rsa": "",
                "disk_encryption_key_sha256": "",
                "disk_encryption_service_account": "",
                "force_attach": false,
                "guest_os_features": [
                  "UEFI_COMPATIBLE",
                  "VIRTIO_SCSI_MULTIQUEUE",
                  "GVNIC"
                ],
                "initialize_params": [
                  {
                    "architecture": "X86_64",
                    "enable_confidential_compute": false,
                    "image": "https://www.googleapis.com/compute/v1/projects/debian-cloud/global/images/debian-11-bullseye-v20250728",
                    "labels": {},
                    "provisioned_iops": 0,
                    "provisioned_throughput": 0,
                    "resource_manager_tags": null,
                    "resource_policies": [],
                    "size": 20,
                    "snapshot": "",
                    "source_image_encryption_key": [],
                    "source_snapshot_encryption_key": [],
                    "storage_pool": "",
                    "type": "pd-standard"
                  }
                ],
                "interface": "",
                "kms_key_self_link": "",
                "mode": "READ_WRITE",
                "source": "https://www.googleapis.com/compute/v1/projects/deep-chimera-467216-u3/zones/us-east1-c/disks/terry-vm-module"
              }
            ],
            "can_ip_forward": false,
            "confidential_instance_config": [],
            "cpu_platform": "Intel Broadwell",
            "creation_timestamp": "2025-08-02T12:47:40.149-07:00",
            "current_status": "RUNNING",
            "deletion_protection": false,
            "description": "",
            "desired_status": null,
            "effective_labels": {
              "goog-terraform-provisioned": "true"
            },
            "enable_display": false,
            "guest_accelerator": [],
            "hostname": "",
            "id": "projects/deep-chimera-467216-u3/zones/us-east1-c/instances/terry-vm-module",
            "instance_encryption_key": [],
            "instance_id": "6793345913963402676",
            "key_revocation_action_type": "",
            "label_fingerprint": "vezUS-42LLM=",
            "labels": null,
            "machine_type": "e2-small",
            "metadata": null,
            "metadata_fingerprint": "z-CUR_2Mdtc=",
            "metadata_startup_script": null,
            "min_cpu_platform": "",
            "name": "terry-vm-module",
            "network_interface": [
              {
                "access_config": [],
                "alias_ip_range": [],
                "internal_ipv6_prefix_length": 0,
                "ipv6_access_config": [],
                "ipv6_access_type": "",
                "ipv6_address": "",
                "name": "nic0",
                "network": "https://www.googleapis.com/compute/v1/projects/deep-chimera-467216-u3/global/networks/default",
                "network_attachment": "",
                "network_ip": "10.142.0.6",
                "nic_type": "",
                "queue_count": 0,
                "stack_type": "IPV4_ONLY",
                "subnetwork": "https://www.googleapis.com/compute/v1/projects/deep-chimera-467216-u3/regions/us-east1/subnetworks/default",
                "subnetwork_project": "deep-chimera-467216-u3"
              }
            ],
            "network_performance_config": [],
            "params": [],
            "project": "deep-chimera-467216-u3",
            "reservation_affinity": [],
            "resource_policies": null,
            "scheduling": [
              {
                "automatic_restart": true,
                "availability_domain": 0,
                "instance_termination_action": "",
                "local_ssd_recovery_timeout": [],
                "max_run_duration": [],
                "min_node_cpus": 0,
                "node_affinities": [],
                "on_host_maintenance": "MIGRATE",
                "on_instance_stop_action": [],
                "preemptible": false,
                "provisioning_model": "STANDARD",
                "termination_time": ""
              }
            ],
            "scratch_disk": [],
            "self_link": "https://www.googleapis.com/compute/v1/projects/deep-chimera-467216-u3/zones/us-east1-c/instances/terry-vm-module",
            "service_account": [],
            "shielded_instance_config": [
              {
                "enable_integrity_monitoring": true,
                "enable_secure_boot": false,
                "enable_vtpm": true
              }
            ],
            "tags": null,
            "tags_fingerprint": "42WmSpB8rSM=",
            "terraform_labels": {
              "goog-terraform-provisioned": "true"
            },
            "timeouts": null,
            "zone": "us-east1-c"
          },
          "sensitive_attributes": [],
          "private": "eyJlMmJmYjczMC1lY2FhLTExZTYtOGY4OC0zNDM2M2JjN2M0YzAiOnsiY3JlYXRlIjoxMjAwMDAwMDAwMDAwLCJkZWxldGUiOjEyMDAwMDAwMDAwMDAsInVwZGF0ZSI6MTIwMDAwMDAwMDAwMH0sInNjaGVtYV92ZXJzaW9uIjoiNiJ9",
          "dependencies": [
            "module.network.data.google_compute_subnetwork.existing_subnet"
          ]
        }
      ]
    }
  ],
  "check_results": null
}
